{
  "version": 4,
  "terraform_version": "1.6.6",
  "serial": 9,
  "lineage": "e745659c-369f-806a-e58b-b1e6bd35642a",
  "outputs": {},
  "resources": [
    {
      "module": "module.k8s-cluster.module.local-environment[0].module.docker-images",
      "mode": "managed",
      "type": "docker_image",
      "name": "backend-app",
      "provider": "provider[\"registry.terraform.io/kreuzwerker/docker\"]",
      "instances": [
        {
          "schema_version": 0,
          "attributes": {
            "build": [
              {
                "auth_config": [],
                "build_arg": {},
                "build_args": {},
                "build_id": "",
                "cache_from": [],
                "cgroup_parent": "",
                "context": "/deploy/app/backend-app",
                "cpu_period": 0,
                "cpu_quota": 0,
                "cpu_set_cpus": "",
                "cpu_set_mems": "",
                "cpu_shares": 0,
                "dockerfile": "Dockerfile",
                "extra_hosts": [],
                "force_remove": false,
                "isolation": "",
                "label": {
                  "author": "backend-app"
                },
                "labels": {},
                "memory": 0,
                "memory_swap": 0,
                "network_mode": "",
                "no_cache": false,
                "platform": "",
                "pull_parent": false,
                "remote_context": "",
                "remove": true,
                "security_opt": [],
                "session_id": "",
                "shm_size": 0,
                "squash": false,
                "suppress_output": false,
                "tag": [
                  "backend-app:develop"
                ],
                "target": "",
                "ulimit": [],
                "version": ""
              }
            ],
            "force_remove": null,
            "id": "sha256:02b87211f76650d0d67763e17d55e6eed3f1421fb2b25cc2e278655666bcf844backend-app",
            "image_id": "sha256:02b87211f76650d0d67763e17d55e6eed3f1421fb2b25cc2e278655666bcf844",
            "keep_locally": null,
            "name": "backend-app",
            "platform": null,
            "pull_triggers": null,
            "repo_digest": "",
            "triggers": null
          },
          "sensitive_attributes": [],
          "private": "bnVsbA=="
        }
      ]
    },
    {
      "module": "module.k8s-cluster.module.local-environment[0].module.docker-images",
      "mode": "managed",
      "type": "docker_image",
      "name": "scalable-app",
      "provider": "provider[\"registry.terraform.io/kreuzwerker/docker\"]",
      "instances": [
        {
          "schema_version": 0,
          "attributes": {
            "build": [
              {
                "auth_config": [],
                "build_arg": {},
                "build_args": {},
                "build_id": "",
                "cache_from": [],
                "cgroup_parent": "",
                "context": "/deploy/app/scalable-app",
                "cpu_period": 0,
                "cpu_quota": 0,
                "cpu_set_cpus": "",
                "cpu_set_mems": "",
                "cpu_shares": 0,
                "dockerfile": "Dockerfile",
                "extra_hosts": [],
                "force_remove": false,
                "isolation": "",
                "label": {
                  "author": "scalable-app"
                },
                "labels": {},
                "memory": 0,
                "memory_swap": 0,
                "network_mode": "",
                "no_cache": false,
                "platform": "",
                "pull_parent": false,
                "remote_context": "",
                "remove": true,
                "security_opt": [],
                "session_id": "",
                "shm_size": 0,
                "squash": false,
                "suppress_output": false,
                "tag": [
                  "scalable-app:develop"
                ],
                "target": "",
                "ulimit": [],
                "version": ""
              }
            ],
            "force_remove": null,
            "id": "sha256:02b87211f76650d0d67763e17d55e6eed3f1421fb2b25cc2e278655666bcf844scalable-app",
            "image_id": "sha256:02b87211f76650d0d67763e17d55e6eed3f1421fb2b25cc2e278655666bcf844",
            "keep_locally": null,
            "name": "scalable-app",
            "platform": null,
            "pull_triggers": null,
            "repo_digest": "",
            "triggers": null
          },
          "sensitive_attributes": [],
          "private": "bnVsbA=="
        }
      ]
    },
    {
      "module": "module.k8s-cluster.module.local-environment[0].module.docker-images",
      "mode": "managed",
      "type": "docker_image",
      "name": "webserver",
      "provider": "provider[\"registry.terraform.io/kreuzwerker/docker\"]",
      "instances": [
        {
          "schema_version": 0,
          "attributes": {
            "build": [],
            "force_remove": null,
            "id": "sha256:8be9ac03fc308f2edbbc42e6a1c1bab3159bf6a87a582a99226a4ee286563ddbnginx:1.24.0-perl",
            "image_id": "sha256:8be9ac03fc308f2edbbc42e6a1c1bab3159bf6a87a582a99226a4ee286563ddb",
            "keep_locally": null,
            "name": "nginx:1.24.0-perl",
            "platform": null,
            "pull_triggers": null,
            "repo_digest": "nginx@sha256:c0714f47c2ca00d9f8c0aa2ccb91a7ef967a0e8467ad753839b1438111178c9f",
            "triggers": null
          },
          "sensitive_attributes": [],
          "private": "bnVsbA=="
        }
      ]
    }
  ],
  "check_results": null
}
